
Microsoft Visual Studio Solution File, Format Version 12.00
# Visual Studio Version 16
VisualStudioVersion = 16.0.31025.194
MinimumVisualStudioVersion = 10.0.40219.1
Project("{9A19103F-16F7-4668-BE54-9A1E7A4F7556}") = "exm", "exm\exm.csproj", "{8C20D4C4-1C50-451A-8C56-4FCFA7B6DBA1}"
EndProject
Project("{9A19103F-16F7-4668-BE54-9A1E7A4F7556}") = "exmatstdlib", "exmatstdlib\exmatstdlib.csproj", "{1BDF8080-7FE9-4BD5-A79F-D3A1CF43FD51}"
EndProject
Project("{9A19103F-16F7-4668-BE54-9A1E7A4F7556}") = "exmat", "exmat\exmat.csproj", "{D0C639D3-4995-40E8-A2D1-5AEEAF1807C6}"
EndProject
Project("{2150E333-8FDC-42A3-9474-1A3956D46DE8}") = "Solution Items", "Solution Items", "{8255A664-A8DB-4448-8109-DECD35577B83}"
	ProjectSection(SolutionItems) = preProject
		.editorconfig = .editorconfig
	EndProjectSection
EndProject
Project("{9A19103F-16F7-4668-BE54-9A1E7A4F7556}") = "exmatTests", "exmatTests\exmatTests.csproj", "{007F2B8B-826F-482A-A45D-B34DB9179537}"
EndProject
Global
	GlobalSection(SolutionConfigurationPlatforms) = preSolution
		Debug|Any CPU = Debug|Any CPU
		Release|Any CPU = Release|Any CPU
	EndGlobalSection
	GlobalSection(ProjectConfigurationPlatforms) = postSolution
		{8C20D4C4-1C50-451A-8C56-4FCFA7B6DBA1}.Debug|Any CPU.ActiveCfg = Debug|Any CPU
		{8C20D4C4-1C50-451A-8C56-4FCFA7B6DBA1}.Debug|Any CPU.Build.0 = Debug|Any CPU
		{8C20D4C4-1C50-451A-8C56-4FCFA7B6DBA1}.Release|Any CPU.ActiveCfg = Release|Any CPU
		{8C20D4C4-1C50-451A-8C56-4FCFA7B6DBA1}.Release|Any CPU.Build.0 = Release|Any CPU
		{1BDF8080-7FE9-4BD5-A79F-D3A1CF43FD51}.Debug|Any CPU.ActiveCfg = Debug|Any CPU
		{1BDF8080-7FE9-4BD5-A79F-D3A1CF43FD51}.Debug|Any CPU.Build.0 = Debug|Any CPU
		{1BDF8080-7FE9-4BD5-A79F-D3A1CF43FD51}.Release|Any CPU.ActiveCfg = Release|Any CPU
		{1BDF8080-7FE9-4BD5-A79F-D3A1CF43FD51}.Release|Any CPU.Build.0 = Release|Any CPU
		{D0C639D3-4995-40E8-A2D1-5AEEAF1807C6}.Debug|Any CPU.ActiveCfg = Debug|Any CPU
		{D0C639D3-4995-40E8-A2D1-5AEEAF1807C6}.Debug|Any CPU.Build.0 = Debug|Any CPU
		{D0C639D3-4995-40E8-A2D1-5AEEAF1807C6}.Release|Any CPU.ActiveCfg = Release|Any CPU
		{D0C639D3-4995-40E8-A2D1-5AEEAF1807C6}.Release|Any CPU.Build.0 = Release|Any CPU
		{007F2B8B-826F-482A-A45D-B34DB9179537}.Debug|Any CPU.ActiveCfg = Debug|Any CPU
		{007F2B8B-826F-482A-A45D-B34DB9179537}.Debug|Any CPU.Build.0 = Debug|Any CPU
		{007F2B8B-826F-482A-A45D-B34DB9179537}.Release|Any CPU.ActiveCfg = Release|Any CPU
		{007F2B8B-826F-482A-A45D-B34DB9179537}.Release|Any CPU.Build.0 = Release|Any CPU
	EndGlobalSection
	GlobalSection(SolutionProperties) = preSolution
		HideSolutionNode = FALSE
	EndGlobalSection
	GlobalSection(ExtensibilityGlobals) = postSolution
		SolutionGuid = {A1134E4F-1F30-47D6-B516-55D3DD4CE19F}
	EndGlobalSection
EndGlobal
